
Microsoft Visual Studio Solution File, Format Version 12.00
# Visual Studio Version 16
VisualStudioVersion = 16.0.33027.164
MinimumVisualStudioVersion = 10.0.40219.1
Project("{FAE04EC0-301F-11D3-BF4B-00C04F79EFBC}") = "Cibertec.MVC", "Cibertec.MVC.csproj", "{6988583E-8A3D-421F-90AA-549271D1E784}"
EndProject
Project("{FAE04EC0-301F-11D3-BF4B-00C04F79EFBC}") = "Cibertec.Models", "..\Cibertec.Models\Cibertec.Models.csproj", "{377871A4-AED6-4461-B189-0AE120C13467}"
EndProject
Project("{FAE04EC0-301F-11D3-BF4B-00C04F79EFBC}") = "Cibertec.Repositories", "..\Cibertec.Repositories\Cibertec.Repositories.csproj", "{363D8D69-A4F8-4F23-B9A0-8071FE50AD23}"
EndProject
Project("{FAE04EC0-301F-11D3-BF4B-00C04F79EFBC}") = "Cibertec.Repositories.Dapper", "..\Cibertec.Repositories.Dapper\Cibertec.Repositories.Dapper.csproj", "{55397333-FA1C-41D3-9C16-87004AF93D81}"
EndProject
Project("{FAE04EC0-301F-11D3-BF4B-00C04F79EFBC}") = "Cibertec.UnitOfWork", "..\Cibertec.UnitOfWork\Cibertec.UnitOfWork.csproj", "{BEFF3C03-F11B-423D-9649-FFDEE5CA75D4}"
EndProject
Global
	GlobalSection(SolutionConfigurationPlatforms) = preSolution
		Debug|Any CPU = Debug|Any CPU
		Release|Any CPU = Release|Any CPU
	EndGlobalSection
	GlobalSection(ProjectConfigurationPlatforms) = postSolution
		{6988583E-8A3D-421F-90AA-549271D1E784}.Debug|Any CPU.ActiveCfg = Debug|Any CPU
		{6988583E-8A3D-421F-90AA-549271D1E784}.Debug|Any CPU.Build.0 = Debug|Any CPU
		{6988583E-8A3D-421F-90AA-549271D1E784}.Release|Any CPU.ActiveCfg = Release|Any CPU
		{6988583E-8A3D-421F-90AA-549271D1E784}.Release|Any CPU.Build.0 = Release|Any CPU
		{377871A4-AED6-4461-B189-0AE120C13467}.Debug|Any CPU.ActiveCfg = Debug|Any CPU
		{377871A4-AED6-4461-B189-0AE120C13467}.Debug|Any CPU.Build.0 = Debug|Any CPU
		{377871A4-AED6-4461-B189-0AE120C13467}.Release|Any CPU.ActiveCfg = Release|Any CPU
		{377871A4-AED6-4461-B189-0AE120C13467}.Release|Any CPU.Build.0 = Release|Any CPU
		{363D8D69-A4F8-4F23-B9A0-8071FE50AD23}.Debug|Any CPU.ActiveCfg = Debug|Any CPU
		{363D8D69-A4F8-4F23-B9A0-8071FE50AD23}.Debug|Any CPU.Build.0 = Debug|Any CPU
		{363D8D69-A4F8-4F23-B9A0-8071FE50AD23}.Release|Any CPU.ActiveCfg = Release|Any CPU
		{363D8D69-A4F8-4F23-B9A0-8071FE50AD23}.Release|Any CPU.Build.0 = Release|Any CPU
		{55397333-FA1C-41D3-9C16-87004AF93D81}.Debug|Any CPU.ActiveCfg = Debug|Any CPU
		{55397333-FA1C-41D3-9C16-87004AF93D81}.Debug|Any CPU.Build.0 = Debug|Any CPU
		{55397333-FA1C-41D3-9C16-87004AF93D81}.Release|Any CPU.ActiveCfg = Release|Any CPU
		{55397333-FA1C-41D3-9C16-87004AF93D81}.Release|Any CPU.Build.0 = Release|Any CPU
		{BEFF3C03-F11B-423D-9649-FFDEE5CA75D4}.Debug|Any CPU.ActiveCfg = Debug|Any CPU
		{BEFF3C03-F11B-423D-9649-FFDEE5CA75D4}.Debug|Any CPU.Build.0 = Debug|Any CPU
		{BEFF3C03-F11B-423D-9649-FFDEE5CA75D4}.Release|Any CPU.ActiveCfg = Release|Any CPU
		{BEFF3C03-F11B-423D-9649-FFDEE5CA75D4}.Release|Any CPU.Build.0 = Release|Any CPU
	EndGlobalSection
	GlobalSection(SolutionProperties) = preSolution
		HideSolutionNode = FALSE
	EndGlobalSection
	GlobalSection(ExtensibilityGlobals) = postSolution
		SolutionGuid = {83B12A5A-BE30-4B0E-B081-C6EFA8825F13}
	EndGlobalSection
EndGlobal
